
Microsoft Visual Studio Solution File, Format Version 12.00
# Visual Studio Version 17
VisualStudioVersion = 17.1.32421.90
MinimumVisualStudioVersion = 10.0.40219.1
Project("{FAE04EC0-301F-11D3-BF4B-00C04F79EFBC}") = "Loader.cs", "Loader.cs\Loader.cs.csproj", "{9C735AB7-A5FA-4CBA-993D-05F168B37014}"
EndProject
Global
	GlobalSection(SolutionConfigurationPlatforms) = preSolution
		Debug|Any CPU = Debug|Any CPU
		Release|Any CPU = Release|Any CPU
	EndGlobalSection
	GlobalSection(ProjectConfigurationPlatforms) = postSolution
		{9C735AB7-A5FA-4CBA-993D-05F168B37014}.Debug|Any CPU.ActiveCfg = Debug|Any CPU
		{9C735AB7-A5FA-4CBA-993D-05F168B37014}.Debug|Any CPU.Build.0 = Debug|Any CPU
		{9C735AB7-A5FA-4CBA-993D-05F168B37014}.Release|Any CPU.ActiveCfg = Release|Any CPU
		{9C735AB7-A5FA-4CBA-993D-05F168B37014}.Release|Any CPU.Build.0 = Release|Any CPU
	EndGlobalSection
	GlobalSection(SolutionProperties) = preSolution
		HideSolutionNode = FALSE
	EndGlobalSection
	GlobalSection(ExtensibilityGlobals) = postSolution
		SolutionGuid = {B89A8E62-4913-45A3-B9E3-034C1D8019A1}
	EndGlobalSection
EndGlobal
